
Microsoft Visual Studio Solution File, Format Version 12.00
Project("{2150E333-8FDC-42A3-9474-1A3956D46DE8}") = "Documentation", "Documentation", "{BA16856F-E0F3-421F-87CC-05446202B347}"
	ProjectSection(SolutionItems) = preProject
		Documentation\Assignment04.md = Documentation\Assignment04.md
		Documentation\Assignment08.md = Documentation\Assignment08.md
	EndProjectSection
EndProject
Project("{2150E333-8FDC-42A3-9474-1A3956D46DE8}") = "src", "src", "{0F9FBD7F-2ABC-43EF-B7A4-DC86F74CDC2B}"
EndProject
Project("{2150E333-8FDC-42A3-9474-1A3956D46DE8}") = "Core", "Core", "{F32E8B1A-CBCF-4179-B8A4-6D1500446F43}"
EndProject
Project("{2150E333-8FDC-42A3-9474-1A3956D46DE8}") = "Tools", "Tools", "{FC569E12-04D2-498B-9DE4-F4A24F95BD79}"
EndProject
Project("{FAE04EC0-301F-11D3-BF4B-00C04F79EFBC}") = "VEA.Core.Tools.OperationResult", "src\Core\Tools\VEA.Core.Tools.OperationResult\VEA.Core.Tools.OperationResult.csproj", "{0FA62EAA-024F-4447-9F9E-0D15CDBE0014}"
EndProject
Project("{2150E333-8FDC-42A3-9474-1A3956D46DE8}") = "Tests", "Tests", "{AE9E484B-25AE-4F93-8E84-5D30EC598FD3}"
EndProject
Project("{FAE04EC0-301F-11D3-BF4B-00C04F79EFBC}") = "UnitTests", "Tests\UnitTests\UnitTests.csproj", "{A2D4FD64-B8FF-408B-9F1F-5C66810FB3BD}"
EndProject
Project("{FAE04EC0-301F-11D3-BF4B-00C04F79EFBC}") = "VEA.Core.Domain", "src\Core\VEA.Core.Domain\VEA.Core.Domain.csproj", "{CF145579-9A5F-424D-9702-E663F634B4AC}"
EndProject
Project("{FAE04EC0-301F-11D3-BF4B-00C04F79EFBC}") = "VEA.Core.Application", "src\Core\VEA.Core.Application\VEA.Core.Application.csproj", "{FFBA51F7-D0A5-43ED-91D1-741298263256}"
EndProject
Project("{2150E333-8FDC-42A3-9474-1A3956D46DE8}") = "Infrastructure", "Infrastructure", "{828BF555-5655-4FA6-9CF6-4A22DD12E99D}"
EndProject
Project("{FAE04EC0-301F-11D3-BF4B-00C04F79EFBC}") = "VEA.Infrastructure.EfcPersistence", "src\Infrastructure\VEA.Infrastructure.EfcPersistence\VEA.Infrastructure.EfcPersistence.csproj", "{1647037E-223E-4E34-9E94-88955A25363A}"
EndProject
Project("{FAE04EC0-301F-11D3-BF4B-00C04F79EFBC}") = "IntegrationTests", "Tests\IntegrationTests\IntegrationTests.csproj", "{D2F10810-3325-48CC-8251-592EA60D2518}"
EndProject
Project("{FAE04EC0-301F-11D3-BF4B-00C04F79EFBC}") = "VEA.Core.QueryContracts", "src\VEA.Core.QueryContracts\VEA.Core.QueryContracts\VEA.Core.QueryContracts.csproj", "{91E69329-D789-4CE6-B636-09D5C86D5C9C}"
EndProject
Project("{FAE04EC0-301F-11D3-BF4B-00C04F79EFBC}") = "VEA.Infrastructure.EfcQueries", "src\VEA.Infrastructure.EfcQueries\VEA.Infrastructure.EfcQueries\VEA.Infrastructure.EfcQueries.csproj", "{00373685-32E6-48E6-ACF3-B615955E6CF3}"
EndProject
Project("{2150E333-8FDC-42A3-9474-1A3956D46DE8}") = "Presentation", "Presentation", "{C37A5E1D-27F8-4563-969D-5EEBCFCA0536}"
EndProject
Project("{FAE04EC0-301F-11D3-BF4B-00C04F79EFBC}") = "VEA.Presentation.WebApi", "src\Presentation\VEA.Presentation.WebApi\VEA.Presentation.WebApi.csproj", "{E6AAC8BB-DEB0-403C-BAF3-9A31AC336BD2}"
EndProject
Project("{FAE04EC0-301F-11D3-BF4B-00C04F79EFBC}") = "VEA.Core.Tools.ObjectMapper", "src\Core\Tools\VEA.Core.Tools.ObjectMapper\VEA.Core.Tools.ObjectMapper.csproj", "{291E715F-6A03-45F2-AE53-9FF8E7A50E55}"
EndProject
Global
	GlobalSection(SolutionConfigurationPlatforms) = preSolution
		Debug|Any CPU = Debug|Any CPU
		Debug|x64 = Debug|x64
		Debug|x86 = Debug|x86
		Release|Any CPU = Release|Any CPU
		Release|x64 = Release|x64
		Release|x86 = Release|x86
	EndGlobalSection
	GlobalSection(ProjectConfigurationPlatforms) = postSolution
		{0FA62EAA-024F-4447-9F9E-0D15CDBE0014}.Debug|Any CPU.ActiveCfg = Debug|Any CPU
		{0FA62EAA-024F-4447-9F9E-0D15CDBE0014}.Debug|Any CPU.Build.0 = Debug|Any CPU
		{0FA62EAA-024F-4447-9F9E-0D15CDBE0014}.Debug|x64.ActiveCfg = Debug|Any CPU
		{0FA62EAA-024F-4447-9F9E-0D15CDBE0014}.Debug|x64.Build.0 = Debug|Any CPU
		{0FA62EAA-024F-4447-9F9E-0D15CDBE0014}.Debug|x86.ActiveCfg = Debug|Any CPU
		{0FA62EAA-024F-4447-9F9E-0D15CDBE0014}.Debug|x86.Build.0 = Debug|Any CPU
		{0FA62EAA-024F-4447-9F9E-0D15CDBE0014}.Release|Any CPU.ActiveCfg = Release|Any CPU
		{0FA62EAA-024F-4447-9F9E-0D15CDBE0014}.Release|Any CPU.Build.0 = Release|Any CPU
		{0FA62EAA-024F-4447-9F9E-0D15CDBE0014}.Release|x64.ActiveCfg = Release|Any CPU
		{0FA62EAA-024F-4447-9F9E-0D15CDBE0014}.Release|x64.Build.0 = Release|Any CPU
		{0FA62EAA-024F-4447-9F9E-0D15CDBE0014}.Release|x86.ActiveCfg = Release|Any CPU
		{0FA62EAA-024F-4447-9F9E-0D15CDBE0014}.Release|x86.Build.0 = Release|Any CPU
		{A2D4FD64-B8FF-408B-9F1F-5C66810FB3BD}.Debug|Any CPU.ActiveCfg = Debug|Any CPU
		{A2D4FD64-B8FF-408B-9F1F-5C66810FB3BD}.Debug|Any CPU.Build.0 = Debug|Any CPU
		{A2D4FD64-B8FF-408B-9F1F-5C66810FB3BD}.Debug|x64.ActiveCfg = Debug|Any CPU
		{A2D4FD64-B8FF-408B-9F1F-5C66810FB3BD}.Debug|x64.Build.0 = Debug|Any CPU
		{A2D4FD64-B8FF-408B-9F1F-5C66810FB3BD}.Debug|x86.ActiveCfg = Debug|Any CPU
		{A2D4FD64-B8FF-408B-9F1F-5C66810FB3BD}.Debug|x86.Build.0 = Debug|Any CPU
		{A2D4FD64-B8FF-408B-9F1F-5C66810FB3BD}.Release|Any CPU.ActiveCfg = Release|Any CPU
		{A2D4FD64-B8FF-408B-9F1F-5C66810FB3BD}.Release|Any CPU.Build.0 = Release|Any CPU
		{A2D4FD64-B8FF-408B-9F1F-5C66810FB3BD}.Release|x64.ActiveCfg = Release|Any CPU
		{A2D4FD64-B8FF-408B-9F1F-5C66810FB3BD}.Release|x64.Build.0 = Release|Any CPU
		{A2D4FD64-B8FF-408B-9F1F-5C66810FB3BD}.Release|x86.ActiveCfg = Release|Any CPU
		{A2D4FD64-B8FF-408B-9F1F-5C66810FB3BD}.Release|x86.Build.0 = Release|Any CPU
		{CF145579-9A5F-424D-9702-E663F634B4AC}.Debug|Any CPU.ActiveCfg = Debug|Any CPU
		{CF145579-9A5F-424D-9702-E663F634B4AC}.Debug|Any CPU.Build.0 = Debug|Any CPU
		{CF145579-9A5F-424D-9702-E663F634B4AC}.Debug|x64.ActiveCfg = Debug|Any CPU
		{CF145579-9A5F-424D-9702-E663F634B4AC}.Debug|x64.Build.0 = Debug|Any CPU
		{CF145579-9A5F-424D-9702-E663F634B4AC}.Debug|x86.ActiveCfg = Debug|Any CPU
		{CF145579-9A5F-424D-9702-E663F634B4AC}.Debug|x86.Build.0 = Debug|Any CPU
		{CF145579-9A5F-424D-9702-E663F634B4AC}.Release|Any CPU.ActiveCfg = Release|Any CPU
		{CF145579-9A5F-424D-9702-E663F634B4AC}.Release|Any CPU.Build.0 = Release|Any CPU
		{CF145579-9A5F-424D-9702-E663F634B4AC}.Release|x64.ActiveCfg = Release|Any CPU
		{CF145579-9A5F-424D-9702-E663F634B4AC}.Release|x64.Build.0 = Release|Any CPU
		{CF145579-9A5F-424D-9702-E663F634B4AC}.Release|x86.ActiveCfg = Release|Any CPU
		{CF145579-9A5F-424D-9702-E663F634B4AC}.Release|x86.Build.0 = Release|Any CPU
		{FFBA51F7-D0A5-43ED-91D1-741298263256}.Debug|Any CPU.ActiveCfg = Debug|Any CPU
		{FFBA51F7-D0A5-43ED-91D1-741298263256}.Debug|Any CPU.Build.0 = Debug|Any CPU
		{FFBA51F7-D0A5-43ED-91D1-741298263256}.Debug|x64.ActiveCfg = Debug|Any CPU
		{FFBA51F7-D0A5-43ED-91D1-741298263256}.Debug|x64.Build.0 = Debug|Any CPU
		{FFBA51F7-D0A5-43ED-91D1-741298263256}.Debug|x86.ActiveCfg = Debug|Any CPU
		{FFBA51F7-D0A5-43ED-91D1-741298263256}.Debug|x86.Build.0 = Debug|Any CPU
		{FFBA51F7-D0A5-43ED-91D1-741298263256}.Release|Any CPU.ActiveCfg = Release|Any CPU
		{FFBA51F7-D0A5-43ED-91D1-741298263256}.Release|Any CPU.Build.0 = Release|Any CPU
		{FFBA51F7-D0A5-43ED-91D1-741298263256}.Release|x64.ActiveCfg = Release|Any CPU
		{FFBA51F7-D0A5-43ED-91D1-741298263256}.Release|x64.Build.0 = Release|Any CPU
		{FFBA51F7-D0A5-43ED-91D1-741298263256}.Release|x86.ActiveCfg = Release|Any CPU
		{FFBA51F7-D0A5-43ED-91D1-741298263256}.Release|x86.Build.0 = Release|Any CPU
		{1647037E-223E-4E34-9E94-88955A25363A}.Debug|Any CPU.ActiveCfg = Debug|Any CPU
		{1647037E-223E-4E34-9E94-88955A25363A}.Debug|Any CPU.Build.0 = Debug|Any CPU
		{1647037E-223E-4E34-9E94-88955A25363A}.Debug|x64.ActiveCfg = Debug|Any CPU
		{1647037E-223E-4E34-9E94-88955A25363A}.Debug|x64.Build.0 = Debug|Any CPU
		{1647037E-223E-4E34-9E94-88955A25363A}.Debug|x86.ActiveCfg = Debug|Any CPU
		{1647037E-223E-4E34-9E94-88955A25363A}.Debug|x86.Build.0 = Debug|Any CPU
		{1647037E-223E-4E34-9E94-88955A25363A}.Release|Any CPU.ActiveCfg = Release|Any CPU
		{1647037E-223E-4E34-9E94-88955A25363A}.Release|Any CPU.Build.0 = Release|Any CPU
		{1647037E-223E-4E34-9E94-88955A25363A}.Release|x64.ActiveCfg = Release|Any CPU
		{1647037E-223E-4E34-9E94-88955A25363A}.Release|x64.Build.0 = Release|Any CPU
		{1647037E-223E-4E34-9E94-88955A25363A}.Release|x86.ActiveCfg = Release|Any CPU
		{1647037E-223E-4E34-9E94-88955A25363A}.Release|x86.Build.0 = Release|Any CPU
		{D2F10810-3325-48CC-8251-592EA60D2518}.Debug|Any CPU.ActiveCfg = Debug|Any CPU
		{D2F10810-3325-48CC-8251-592EA60D2518}.Debug|Any CPU.Build.0 = Debug|Any CPU
		{D2F10810-3325-48CC-8251-592EA60D2518}.Debug|x64.ActiveCfg = Debug|Any CPU
		{D2F10810-3325-48CC-8251-592EA60D2518}.Debug|x64.Build.0 = Debug|Any CPU
		{D2F10810-3325-48CC-8251-592EA60D2518}.Debug|x86.ActiveCfg = Debug|Any CPU
		{D2F10810-3325-48CC-8251-592EA60D2518}.Debug|x86.Build.0 = Debug|Any CPU
		{D2F10810-3325-48CC-8251-592EA60D2518}.Release|Any CPU.ActiveCfg = Release|Any CPU
		{D2F10810-3325-48CC-8251-592EA60D2518}.Release|Any CPU.Build.0 = Release|Any CPU
		{D2F10810-3325-48CC-8251-592EA60D2518}.Release|x64.ActiveCfg = Release|Any CPU
		{D2F10810-3325-48CC-8251-592EA60D2518}.Release|x64.Build.0 = Release|Any CPU
		{D2F10810-3325-48CC-8251-592EA60D2518}.Release|x86.ActiveCfg = Release|Any CPU
		{D2F10810-3325-48CC-8251-592EA60D2518}.Release|x86.Build.0 = Release|Any CPU
		{91E69329-D789-4CE6-B636-09D5C86D5C9C}.Debug|Any CPU.ActiveCfg = Debug|Any CPU
		{91E69329-D789-4CE6-B636-09D5C86D5C9C}.Debug|Any CPU.Build.0 = Debug|Any CPU
		{91E69329-D789-4CE6-B636-09D5C86D5C9C}.Debug|x64.ActiveCfg = Debug|Any CPU
		{91E69329-D789-4CE6-B636-09D5C86D5C9C}.Debug|x64.Build.0 = Debug|Any CPU
		{91E69329-D789-4CE6-B636-09D5C86D5C9C}.Debug|x86.ActiveCfg = Debug|Any CPU
		{91E69329-D789-4CE6-B636-09D5C86D5C9C}.Debug|x86.Build.0 = Debug|Any CPU
		{91E69329-D789-4CE6-B636-09D5C86D5C9C}.Release|Any CPU.ActiveCfg = Release|Any CPU
		{91E69329-D789-4CE6-B636-09D5C86D5C9C}.Release|Any CPU.Build.0 = Release|Any CPU
		{91E69329-D789-4CE6-B636-09D5C86D5C9C}.Release|x64.ActiveCfg = Release|Any CPU
		{91E69329-D789-4CE6-B636-09D5C86D5C9C}.Release|x64.Build.0 = Release|Any CPU
		{91E69329-D789-4CE6-B636-09D5C86D5C9C}.Release|x86.ActiveCfg = Release|Any CPU
		{91E69329-D789-4CE6-B636-09D5C86D5C9C}.Release|x86.Build.0 = Release|Any CPU
		{00373685-32E6-48E6-ACF3-B615955E6CF3}.Debug|Any CPU.ActiveCfg = Debug|Any CPU
		{00373685-32E6-48E6-ACF3-B615955E6CF3}.Debug|Any CPU.Build.0 = Debug|Any CPU
		{00373685-32E6-48E6-ACF3-B615955E6CF3}.Debug|x64.ActiveCfg = Debug|Any CPU
		{00373685-32E6-48E6-ACF3-B615955E6CF3}.Debug|x64.Build.0 = Debug|Any CPU
		{00373685-32E6-48E6-ACF3-B615955E6CF3}.Debug|x86.ActiveCfg = Debug|Any CPU
		{00373685-32E6-48E6-ACF3-B615955E6CF3}.Debug|x86.Build.0 = Debug|Any CPU
		{00373685-32E6-48E6-ACF3-B615955E6CF3}.Release|Any CPU.ActiveCfg = Release|Any CPU
		{00373685-32E6-48E6-ACF3-B615955E6CF3}.Release|Any CPU.Build.0 = Release|Any CPU
		{00373685-32E6-48E6-ACF3-B615955E6CF3}.Release|x64.ActiveCfg = Release|Any CPU
		{00373685-32E6-48E6-ACF3-B615955E6CF3}.Release|x64.Build.0 = Release|Any CPU
		{00373685-32E6-48E6-ACF3-B615955E6CF3}.Release|x86.ActiveCfg = Release|Any CPU
		{00373685-32E6-48E6-ACF3-B615955E6CF3}.Release|x86.Build.0 = Release|Any CPU
		{E6AAC8BB-DEB0-403C-BAF3-9A31AC336BD2}.Debug|Any CPU.ActiveCfg = Debug|Any CPU
		{E6AAC8BB-DEB0-403C-BAF3-9A31AC336BD2}.Debug|Any CPU.Build.0 = Debug|Any CPU
		{E6AAC8BB-DEB0-403C-BAF3-9A31AC336BD2}.Debug|x64.ActiveCfg = Debug|Any CPU
		{E6AAC8BB-DEB0-403C-BAF3-9A31AC336BD2}.Debug|x64.Build.0 = Debug|Any CPU
		{E6AAC8BB-DEB0-403C-BAF3-9A31AC336BD2}.Debug|x86.ActiveCfg = Debug|Any CPU
		{E6AAC8BB-DEB0-403C-BAF3-9A31AC336BD2}.Debug|x86.Build.0 = Debug|Any CPU
		{E6AAC8BB-DEB0-403C-BAF3-9A31AC336BD2}.Release|Any CPU.ActiveCfg = Release|Any CPU
		{E6AAC8BB-DEB0-403C-BAF3-9A31AC336BD2}.Release|Any CPU.Build.0 = Release|Any CPU
		{E6AAC8BB-DEB0-403C-BAF3-9A31AC336BD2}.Release|x64.ActiveCfg = Release|Any CPU
		{E6AAC8BB-DEB0-403C-BAF3-9A31AC336BD2}.Release|x64.Build.0 = Release|Any CPU
		{E6AAC8BB-DEB0-403C-BAF3-9A31AC336BD2}.Release|x86.ActiveCfg = Release|Any CPU
		{E6AAC8BB-DEB0-403C-BAF3-9A31AC336BD2}.Release|x86.Build.0 = Release|Any CPU
		{291E715F-6A03-45F2-AE53-9FF8E7A50E55}.Debug|Any CPU.ActiveCfg = Debug|Any CPU
		{291E715F-6A03-45F2-AE53-9FF8E7A50E55}.Debug|Any CPU.Build.0 = Debug|Any CPU
		{291E715F-6A03-45F2-AE53-9FF8E7A50E55}.Debug|x64.ActiveCfg = Debug|Any CPU
		{291E715F-6A03-45F2-AE53-9FF8E7A50E55}.Debug|x64.Build.0 = Debug|Any CPU
		{291E715F-6A03-45F2-AE53-9FF8E7A50E55}.Debug|x86.ActiveCfg = Debug|Any CPU
		{291E715F-6A03-45F2-AE53-9FF8E7A50E55}.Debug|x86.Build.0 = Debug|Any CPU
		{291E715F-6A03-45F2-AE53-9FF8E7A50E55}.Release|Any CPU.ActiveCfg = Release|Any CPU
		{291E715F-6A03-45F2-AE53-9FF8E7A50E55}.Release|Any CPU.Build.0 = Release|Any CPU
		{291E715F-6A03-45F2-AE53-9FF8E7A50E55}.Release|x64.ActiveCfg = Release|Any CPU
		{291E715F-6A03-45F2-AE53-9FF8E7A50E55}.Release|x64.Build.0 = Release|Any CPU
		{291E715F-6A03-45F2-AE53-9FF8E7A50E55}.Release|x86.ActiveCfg = Release|Any CPU
		{291E715F-6A03-45F2-AE53-9FF8E7A50E55}.Release|x86.Build.0 = Release|Any CPU
	EndGlobalSection
	GlobalSection(SolutionProperties) = preSolution
		HideSolutionNode = FALSE
	EndGlobalSection
	GlobalSection(NestedProjects) = preSolution
		{F32E8B1A-CBCF-4179-B8A4-6D1500446F43} = {0F9FBD7F-2ABC-43EF-B7A4-DC86F74CDC2B}
		{FC569E12-04D2-498B-9DE4-F4A24F95BD79} = {F32E8B1A-CBCF-4179-B8A4-6D1500446F43}
		{0FA62EAA-024F-4447-9F9E-0D15CDBE0014} = {FC569E12-04D2-498B-9DE4-F4A24F95BD79}
		{A2D4FD64-B8FF-408B-9F1F-5C66810FB3BD} = {AE9E484B-25AE-4F93-8E84-5D30EC598FD3}
		{CF145579-9A5F-424D-9702-E663F634B4AC} = {F32E8B1A-CBCF-4179-B8A4-6D1500446F43}
		{FFBA51F7-D0A5-43ED-91D1-741298263256} = {F32E8B1A-CBCF-4179-B8A4-6D1500446F43}
		{828BF555-5655-4FA6-9CF6-4A22DD12E99D} = {0F9FBD7F-2ABC-43EF-B7A4-DC86F74CDC2B}
		{1647037E-223E-4E34-9E94-88955A25363A} = {828BF555-5655-4FA6-9CF6-4A22DD12E99D}
		{D2F10810-3325-48CC-8251-592EA60D2518} = {AE9E484B-25AE-4F93-8E84-5D30EC598FD3}
		{91E69329-D789-4CE6-B636-09D5C86D5C9C} = {F32E8B1A-CBCF-4179-B8A4-6D1500446F43}
		{00373685-32E6-48E6-ACF3-B615955E6CF3} = {828BF555-5655-4FA6-9CF6-4A22DD12E99D}
		{C37A5E1D-27F8-4563-969D-5EEBCFCA0536} = {0F9FBD7F-2ABC-43EF-B7A4-DC86F74CDC2B}
		{E6AAC8BB-DEB0-403C-BAF3-9A31AC336BD2} = {C37A5E1D-27F8-4563-969D-5EEBCFCA0536}
		{291E715F-6A03-45F2-AE53-9FF8E7A50E55} = {FC569E12-04D2-498B-9DE4-F4A24F95BD79}
	EndGlobalSection
EndGlobal
